
Microsoft Visual Studio Solution File, Format Version 12.00
# Visual Studio Version 16
VisualStudioVersion = 16.0.30907.101
MinimumVisualStudioVersion = 10.0.40219.1
Project("{FAE04EC0-301F-11D3-BF4B-00C04F79EFBC}") = "AspTable", "AspTable\AspTable.csproj", "{9225CC6F-1185-4989-8F77-2DD9E7C1BBC4}"
EndProject
Global
	GlobalSection(SolutionConfigurationPlatforms) = preSolution
		Debug|Any CPU = Debug|Any CPU
		Release|Any CPU = Release|Any CPU
	EndGlobalSection
	GlobalSection(ProjectConfigurationPlatforms) = postSolution
		{9225CC6F-1185-4989-8F77-2DD9E7C1BBC4}.Debug|Any CPU.ActiveCfg = Debug|Any CPU
		{9225CC6F-1185-4989-8F77-2DD9E7C1BBC4}.Debug|Any CPU.Build.0 = Debug|Any CPU
		{9225CC6F-1185-4989-8F77-2DD9E7C1BBC4}.Release|Any CPU.ActiveCfg = Release|Any CPU
		{9225CC6F-1185-4989-8F77-2DD9E7C1BBC4}.Release|Any CPU.Build.0 = Release|Any CPU
	EndGlobalSection
	GlobalSection(SolutionProperties) = preSolution
		HideSolutionNode = FALSE
	EndGlobalSection
	GlobalSection(ExtensibilityGlobals) = postSolution
		SolutionGuid = {9D5257AC-8BA5-4FB9-808C-746BFD6DFE8A}
	EndGlobalSection
EndGlobal
